// !$*UTF8*$!
{
	archiveVersion = 1;
	classes = {
	};
	objectVersion = 56;
	objects = {

/* Begin PBXBuildFile section */
		743E6BC90CA36DADD50AD66A /* Pods_MovieList_MovieListUITests.framework in Frameworks */ = {isa = PBXBuildFile; fileRef = C924F036D874259061B734E0 /* Pods_MovieList_MovieListUITests.framework */; };
		815E21DD21ADC083D09DF1E5 /* Pods_MovieListTests.framework in Frameworks */ = {isa = PBXBuildFile; fileRef = 2BC3826BE2479E3B487844B7 /* Pods_MovieListTests.framework */; };
		C993EB5E2AFA20FD003B2804 /* AppDelegate.swift in Sources */ = {isa = PBXBuildFile; fileRef = C993EB5D2AFA20FD003B2804 /* AppDelegate.swift */; };
		C993EB602AFA20FD003B2804 /* SceneDelegate.swift in Sources */ = {isa = PBXBuildFile; fileRef = C993EB5F2AFA20FD003B2804 /* SceneDelegate.swift */; };
		C993EB622AFA20FD003B2804 /* ViewController.swift in Sources */ = {isa = PBXBuildFile; fileRef = C993EB612AFA20FD003B2804 /* ViewController.swift */; };
		C993EB652AFA20FD003B2804 /* Main.storyboard in Resources */ = {isa = PBXBuildFile; fileRef = C993EB632AFA20FD003B2804 /* Main.storyboard */; };
		C993EB672AFA2101003B2804 /* Assets.xcassets in Resources */ = {isa = PBXBuildFile; fileRef = C993EB662AFA2101003B2804 /* Assets.xcassets */; };
		C993EB6A2AFA2101003B2804 /* LaunchScreen.storyboard in Resources */ = {isa = PBXBuildFile; fileRef = C993EB682AFA2101003B2804 /* LaunchScreen.storyboard */; };
		C993EB752AFA2102003B2804 /* MovieListTests.swift in Sources */ = {isa = PBXBuildFile; fileRef = C993EB742AFA2102003B2804 /* MovieListTests.swift */; };
		C993EB7F2AFA2102003B2804 /* MovieListUITests.swift in Sources */ = {isa = PBXBuildFile; fileRef = C993EB7E2AFA2102003B2804 /* MovieListUITests.swift */; };
		C993EB812AFA2102003B2804 /* MovieListUITestsLaunchTests.swift in Sources */ = {isa = PBXBuildFile; fileRef = C993EB802AFA2102003B2804 /* MovieListUITestsLaunchTests.swift */; };
		C993EB952AFA21AB003B2804 /* Constants.swift in Sources */ = {isa = PBXBuildFile; fileRef = C993EB942AFA21AB003B2804 /* Constants.swift */; };
		C993EB972AFA21BF003B2804 /* Utility.swift in Sources */ = {isa = PBXBuildFile; fileRef = C993EB962AFA21BF003B2804 /* Utility.swift */; };
		C993EB992AFA21CD003B2804 /* Observable.swift in Sources */ = {isa = PBXBuildFile; fileRef = C993EB982AFA21CD003B2804 /* Observable.swift */; };
		C993EB9C2AFA21E0003B2804 /* Service.swift in Sources */ = {isa = PBXBuildFile; fileRef = C993EB9B2AFA21E0003B2804 /* Service.swift */; };
		C993EB9E2AFA2947003B2804 /* ViewExtensions.swift in Sources */ = {isa = PBXBuildFile; fileRef = C993EB9D2AFA2947003B2804 /* ViewExtensions.swift */; };
		C993EBA02AFA2AD9003B2804 /* ViewModel.swift in Sources */ = {isa = PBXBuildFile; fileRef = C993EB9F2AFA2AD9003B2804 /* ViewModel.swift */; };
		C993EBB22AFA3E95003B2804 /* Merriweather-BlackItalic.ttf in Resources */ = {isa = PBXBuildFile; fileRef = C993EBAB2AFA3E94003B2804 /* Merriweather-BlackItalic.ttf */; };
		C993EBB32AFA3E95003B2804 /* Merriweather-Light.ttf in Resources */ = {isa = PBXBuildFile; fileRef = C993EBAC2AFA3E95003B2804 /* Merriweather-Light.ttf */; };
		C993EBB42AFA3E95003B2804 /* Merriweather-Regular.ttf in Resources */ = {isa = PBXBuildFile; fileRef = C993EBAD2AFA3E95003B2804 /* Merriweather-Regular.ttf */; };
		C993EBB52AFA3E95003B2804 /* Merriweather-Italic.ttf in Resources */ = {isa = PBXBuildFile; fileRef = C993EBAE2AFA3E95003B2804 /* Merriweather-Italic.ttf */; };
		C993EBB62AFA3E95003B2804 /* Merriweather-BoldItalic.ttf in Resources */ = {isa = PBXBuildFile; fileRef = C993EBAF2AFA3E95003B2804 /* Merriweather-BoldItalic.ttf */; };
		C993EBB72AFA3E95003B2804 /* Merriweather-Bold.ttf in Resources */ = {isa = PBXBuildFile; fileRef = C993EBB02AFA3E95003B2804 /* Merriweather-Bold.ttf */; };
		C993EBB82AFA3E95003B2804 /* Merriweather-LightItalic.ttf in Resources */ = {isa = PBXBuildFile; fileRef = C993EBB12AFA3E95003B2804 /* Merriweather-LightItalic.ttf */; };
		C993EBB92AFA3E9C003B2804 /* Merriweather-Black.ttf in Resources */ = {isa = PBXBuildFile; fileRef = C993EBA42AFA3E58003B2804 /* Merriweather-Black.ttf */; };
		C993EBBD2AFA48AE003B2804 /* Mulish-Medium.ttf in Resources */ = {isa = PBXBuildFile; fileRef = C993EBBA2AFA48AE003B2804 /* Mulish-Medium.ttf */; };
		C993EBBE2AFA48AE003B2804 /* Mulish-Regular.ttf in Resources */ = {isa = PBXBuildFile; fileRef = C993EBBB2AFA48AE003B2804 /* Mulish-Regular.ttf */; };
		C993EBBF2AFA48AE003B2804 /* Mulish-Bold.ttf in Resources */ = {isa = PBXBuildFile; fileRef = C993EBBC2AFA48AE003B2804 /* Mulish-Bold.ttf */; };
		C993EBC12AFA4C73003B2804 /* HeaderView.swift in Sources */ = {isa = PBXBuildFile; fileRef = C993EBC02AFA4C73003B2804 /* HeaderView.swift */; };
		C993EBC32AFA4C92003B2804 /* HeaderViewCell.swift in Sources */ = {isa = PBXBuildFile; fileRef = C993EBC22AFA4C92003B2804 /* HeaderViewCell.swift */; };
		C993EBC52AFA4C9E003B2804 /* CollectionViewCell.swift in Sources */ = {isa = PBXBuildFile; fileRef = C993EBC42AFA4C9E003B2804 /* CollectionViewCell.swift */; };
		C993EBC72AFA5807003B2804 /* DetailsViewController.swift in Sources */ = {isa = PBXBuildFile; fileRef = C993EBC62AFA5807003B2804 /* DetailsViewController.swift */; };
		C993EBC92AFA5B2E003B2804 /* File.swift in Sources */ = {isa = PBXBuildFile; fileRef = C993EBC82AFA5B2E003B2804 /* File.swift */; };
		DBCA44EAC33E11807BDD441A /* Pods_MovieList.framework in Frameworks */ = {isa = PBXBuildFile; fileRef = 8A159CE81717C871976B8D54 /* Pods_MovieList.framework */; };
/* End PBXBuildFile section */

/* Begin PBXContainerItemProxy section */
		C993EB712AFA2102003B2804 /* PBXContainerItemProxy */ = {
			isa = PBXContainerItemProxy;
			containerPortal = C993EB522AFA20FD003B2804 /* Project object */;
			proxyType = 1;
			remoteGlobalIDString = C993EB592AFA20FD003B2804;
			remoteInfo = MovieList;
		};
		C993EB7B2AFA2102003B2804 /* PBXContainerItemProxy */ = {
			isa = PBXContainerItemProxy;
			containerPortal = C993EB522AFA20FD003B2804 /* Project object */;
			proxyType = 1;
			remoteGlobalIDString = C993EB592AFA20FD003B2804;
			remoteInfo = MovieList;
		};
/* End PBXContainerItemProxy section */

/* Begin PBXFileReference section */
		206D6A3CE32EC398B4347985 /* Pods-MovieList.debug.xcconfig */ = {isa = PBXFileReference; includeInIndex = 1; lastKnownFileType = text.xcconfig; name = "Pods-MovieList.debug.xcconfig"; path = "Target Support Files/Pods-MovieList/Pods-MovieList.debug.xcconfig"; sourceTree = "<group>"; };
		2BC3826BE2479E3B487844B7 /* Pods_MovieListTests.framework */ = {isa = PBXFileReference; explicitFileType = wrapper.framework; includeInIndex = 0; path = Pods_MovieListTests.framework; sourceTree = BUILT_PRODUCTS_DIR; };
		5BD43F303B25185055D255C6 /* Pods-MovieList.release.xcconfig */ = {isa = PBXFileReference; includeInIndex = 1; lastKnownFileType = text.xcconfig; name = "Pods-MovieList.release.xcconfig"; path = "Target Support Files/Pods-MovieList/Pods-MovieList.release.xcconfig"; sourceTree = "<group>"; };
		8A159CE81717C871976B8D54 /* Pods_MovieList.framework */ = {isa = PBXFileReference; explicitFileType = wrapper.framework; includeInIndex = 0; path = Pods_MovieList.framework; sourceTree = BUILT_PRODUCTS_DIR; };
		C1A7A26E5BE4C5BCEE81674E /* Pods-MovieList-MovieListUITests.release.xcconfig */ = {isa = PBXFileReference; includeInIndex = 1; lastKnownFileType = text.xcconfig; name = "Pods-MovieList-MovieListUITests.release.xcconfig"; path = "Target Support Files/Pods-MovieList-MovieListUITests/Pods-MovieList-MovieListUITests.release.xcconfig"; sourceTree = "<group>"; };
		C924F036D874259061B734E0 /* Pods_MovieList_MovieListUITests.framework */ = {isa = PBXFileReference; explicitFileType = wrapper.framework; includeInIndex = 0; path = Pods_MovieList_MovieListUITests.framework; sourceTree = BUILT_PRODUCTS_DIR; };
		C993EB5A2AFA20FD003B2804 /* MovieList.app */ = {isa = PBXFileReference; explicitFileType = wrapper.application; includeInIndex = 0; path = MovieList.app; sourceTree = BUILT_PRODUCTS_DIR; };
		C993EB5D2AFA20FD003B2804 /* AppDelegate.swift */ = {isa = PBXFileReference; lastKnownFileType = sourcecode.swift; path = AppDelegate.swift; sourceTree = "<group>"; };
		C993EB5F2AFA20FD003B2804 /* SceneDelegate.swift */ = {isa = PBXFileReference; lastKnownFileType = sourcecode.swift; path = SceneDelegate.swift; sourceTree = "<group>"; };
		C993EB612AFA20FD003B2804 /* ViewController.swift */ = {isa = PBXFileReference; lastKnownFileType = sourcecode.swift; path = ViewController.swift; sourceTree = "<group>"; };
		C993EB642AFA20FD003B2804 /* Base */ = {isa = PBXFileReference; lastKnownFileType = file.storyboard; name = Base; path = Base.lproj/Main.storyboard; sourceTree = "<group>"; };
		C993EB662AFA2101003B2804 /* Assets.xcassets */ = {isa = PBXFileReference; lastKnownFileType = folder.assetcatalog; path = Assets.xcassets; sourceTree = "<group>"; };
		C993EB692AFA2101003B2804 /* Base */ = {isa = PBXFileReference; lastKnownFileType = file.storyboard; name = Base; path = Base.lproj/LaunchScreen.storyboard; sourceTree = "<group>"; };
		C993EB6B2AFA2101003B2804 /* Info.plist */ = {isa = PBXFileReference; lastKnownFileType = text.plist.xml; path = Info.plist; sourceTree = "<group>"; };
		C993EB702AFA2102003B2804 /* MovieListTests.xctest */ = {isa = PBXFileReference; explicitFileType = wrapper.cfbundle; includeInIndex = 0; path = MovieListTests.xctest; sourceTree = BUILT_PRODUCTS_DIR; };
		C993EB742AFA2102003B2804 /* MovieListTests.swift */ = {isa = PBXFileReference; lastKnownFileType = sourcecode.swift; path = MovieListTests.swift; sourceTree = "<group>"; };
		C993EB7A2AFA2102003B2804 /* MovieListUITests.xctest */ = {isa = PBXFileReference; explicitFileType = wrapper.cfbundle; includeInIndex = 0; path = MovieListUITests.xctest; sourceTree = BUILT_PRODUCTS_DIR; };
		C993EB7E2AFA2102003B2804 /* MovieListUITests.swift */ = {isa = PBXFileReference; lastKnownFileType = sourcecode.swift; path = MovieListUITests.swift; sourceTree = "<group>"; };
		C993EB802AFA2102003B2804 /* MovieListUITestsLaunchTests.swift */ = {isa = PBXFileReference; lastKnownFileType = sourcecode.swift; path = MovieListUITestsLaunchTests.swift; sourceTree = "<group>"; };
		C993EB942AFA21AB003B2804 /* Constants.swift */ = {isa = PBXFileReference; lastKnownFileType = sourcecode.swift; path = Constants.swift; sourceTree = "<group>"; };
		C993EB962AFA21BF003B2804 /* Utility.swift */ = {isa = PBXFileReference; lastKnownFileType = sourcecode.swift; path = Utility.swift; sourceTree = "<group>"; };
		C993EB982AFA21CD003B2804 /* Observable.swift */ = {isa = PBXFileReference; lastKnownFileType = sourcecode.swift; path = Observable.swift; sourceTree = "<group>"; };
		C993EB9B2AFA21E0003B2804 /* Service.swift */ = {isa = PBXFileReference; lastKnownFileType = sourcecode.swift; path = Service.swift; sourceTree = "<group>"; };
		C993EB9D2AFA2947003B2804 /* ViewExtensions.swift */ = {isa = PBXFileReference; lastKnownFileType = sourcecode.swift; path = ViewExtensions.swift; sourceTree = "<group>"; };
		C993EB9F2AFA2AD9003B2804 /* ViewModel.swift */ = {isa = PBXFileReference; lastKnownFileType = sourcecode.swift; path = ViewModel.swift; sourceTree = "<group>"; };
		C993EBA42AFA3E58003B2804 /* Merriweather-Black.ttf */ = {isa = PBXFileReference; lastKnownFileType = file; path = "Merriweather-Black.ttf"; sourceTree = "<group>"; };
		C993EBAB2AFA3E94003B2804 /* Merriweather-BlackItalic.ttf */ = {isa = PBXFileReference; lastKnownFileType = file; path = "Merriweather-BlackItalic.ttf"; sourceTree = "<group>"; };
		C993EBAC2AFA3E95003B2804 /* Merriweather-Light.ttf */ = {isa = PBXFileReference; lastKnownFileType = file; path = "Merriweather-Light.ttf"; sourceTree = "<group>"; };
		C993EBAD2AFA3E95003B2804 /* Merriweather-Regular.ttf */ = {isa = PBXFileReference; lastKnownFileType = file; path = "Merriweather-Regular.ttf"; sourceTree = "<group>"; };
		C993EBAE2AFA3E95003B2804 /* Merriweather-Italic.ttf */ = {isa = PBXFileReference; lastKnownFileType = file; path = "Merriweather-Italic.ttf"; sourceTree = "<group>"; };
		C993EBAF2AFA3E95003B2804 /* Merriweather-BoldItalic.ttf */ = {isa = PBXFileReference; lastKnownFileType = file; path = "Merriweather-BoldItalic.ttf"; sourceTree = "<group>"; };
		C993EBB02AFA3E95003B2804 /* Merriweather-Bold.ttf */ = {isa = PBXFileReference; lastKnownFileType = file; path = "Merriweather-Bold.ttf"; sourceTree = "<group>"; };
		C993EBB12AFA3E95003B2804 /* Merriweather-LightItalic.ttf */ = {isa = PBXFileReference; lastKnownFileType = file; path = "Merriweather-LightItalic.ttf"; sourceTree = "<group>"; };
		C993EBBA2AFA48AE003B2804 /* Mulish-Medium.ttf */ = {isa = PBXFileReference; lastKnownFileType = file; path = "Mulish-Medium.ttf"; sourceTree = "<group>"; };
		C993EBBB2AFA48AE003B2804 /* Mulish-Regular.ttf */ = {isa = PBXFileReference; lastKnownFileType = file; path = "Mulish-Regular.ttf"; sourceTree = "<group>"; };
		C993EBBC2AFA48AE003B2804 /* Mulish-Bold.ttf */ = {isa = PBXFileReference; lastKnownFileType = file; path = "Mulish-Bold.ttf"; sourceTree = "<group>"; };
		C993EBC02AFA4C73003B2804 /* HeaderView.swift */ = {isa = PBXFileReference; lastKnownFileType = sourcecode.swift; path = HeaderView.swift; sourceTree = "<group>"; };
		C993EBC22AFA4C92003B2804 /* HeaderViewCell.swift */ = {isa = PBXFileReference; lastKnownFileType = sourcecode.swift; path = HeaderViewCell.swift; sourceTree = "<group>"; };
		C993EBC42AFA4C9E003B2804 /* CollectionViewCell.swift */ = {isa = PBXFileReference; lastKnownFileType = sourcecode.swift; path = CollectionViewCell.swift; sourceTree = "<group>"; };
		C993EBC62AFA5807003B2804 /* DetailsViewController.swift */ = {isa = PBXFileReference; lastKnownFileType = sourcecode.swift; path = DetailsViewController.swift; sourceTree = "<group>"; };
		C993EBC82AFA5B2E003B2804 /* File.swift */ = {isa = PBXFileReference; lastKnownFileType = sourcecode.swift; path = File.swift; sourceTree = "<group>"; };
		D4C6A03AD16B5B5AB574E847 /* Pods-MovieListTests.debug.xcconfig */ = {isa = PBXFileReference; includeInIndex = 1; lastKnownFileType = text.xcconfig; name = "Pods-MovieListTests.debug.xcconfig"; path = "Target Support Files/Pods-MovieListTests/Pods-MovieListTests.debug.xcconfig"; sourceTree = "<group>"; };
		E5E5A81097A840531A2B9FEE /* Pods-MovieListTests.release.xcconfig */ = {isa = PBXFileReference; includeInIndex = 1; lastKnownFileType = text.xcconfig; name = "Pods-MovieListTests.release.xcconfig"; path = "Target Support Files/Pods-MovieListTests/Pods-MovieListTests.release.xcconfig"; sourceTree = "<group>"; };
		E9B657CE7406CF83E26FCD74 /* Pods-MovieList-MovieListUITests.debug.xcconfig */ = {isa = PBXFileReference; includeInIndex = 1; lastKnownFileType = text.xcconfig; name = "Pods-MovieList-MovieListUITests.debug.xcconfig"; path = "Target Support Files/Pods-MovieList-MovieListUITests/Pods-MovieList-MovieListUITests.debug.xcconfig"; sourceTree = "<group>"; };
/* End PBXFileReference section */

/* Begin PBXFrameworksBuildPhase section */
		C993EB572AFA20FD003B2804 /* Frameworks */ = {
			isa = PBXFrameworksBuildPhase;
			buildActionMask = 2147483647;
			files = (
				DBCA44EAC33E11807BDD441A /* Pods_MovieList.framework in Frameworks */,
			);
			runOnlyForDeploymentPostprocessing = 0;
		};
		C993EB6D2AFA2102003B2804 /* Frameworks */ = {
			isa = PBXFrameworksBuildPhase;
			buildActionMask = 2147483647;
			files = (
				815E21DD21ADC083D09DF1E5 /* Pods_MovieListTests.framework in Frameworks */,
			);
			runOnlyForDeploymentPostprocessing = 0;
		};
		C993EB772AFA2102003B2804 /* Frameworks */ = {
			isa = PBXFrameworksBuildPhase;
			buildActionMask = 2147483647;
			files = (
				743E6BC90CA36DADD50AD66A /* Pods_MovieList_MovieListUITests.framework in Frameworks */,
			);
			runOnlyForDeploymentPostprocessing = 0;
		};
/* End PBXFrameworksBuildPhase section */

/* Begin PBXGroup section */
		0E999F694FB8B8A155C77D17 /* Frameworks */ = {
			isa = PBXGroup;
			children = (
				8A159CE81717C871976B8D54 /* Pods_MovieList.framework */,
				C924F036D874259061B734E0 /* Pods_MovieList_MovieListUITests.framework */,
				2BC3826BE2479E3B487844B7 /* Pods_MovieListTests.framework */,
			);
			name = Frameworks;
			sourceTree = "<group>";
		};
		3B5BDB53829CCE826B146193 /* Pods */ = {
			isa = PBXGroup;
			children = (
				206D6A3CE32EC398B4347985 /* Pods-MovieList.debug.xcconfig */,
				5BD43F303B25185055D255C6 /* Pods-MovieList.release.xcconfig */,
				E9B657CE7406CF83E26FCD74 /* Pods-MovieList-MovieListUITests.debug.xcconfig */,
				C1A7A26E5BE4C5BCEE81674E /* Pods-MovieList-MovieListUITests.release.xcconfig */,
				D4C6A03AD16B5B5AB574E847 /* Pods-MovieListTests.debug.xcconfig */,
				E5E5A81097A840531A2B9FEE /* Pods-MovieListTests.release.xcconfig */,
			);
			path = Pods;
			sourceTree = "<group>";
		};
		C993EB512AFA20FD003B2804 = {
			isa = PBXGroup;
			children = (
				C993EB5C2AFA20FD003B2804 /* MovieList */,
				C993EB732AFA2102003B2804 /* MovieListTests */,
				C993EB7D2AFA2102003B2804 /* MovieListUITests */,
				C993EB5B2AFA20FD003B2804 /* Products */,
				3B5BDB53829CCE826B146193 /* Pods */,
				0E999F694FB8B8A155C77D17 /* Frameworks */,
			);
			sourceTree = "<group>";
		};
		C993EB5B2AFA20FD003B2804 /* Products */ = {
			isa = PBXGroup;
			children = (
				C993EB5A2AFA20FD003B2804 /* MovieList.app */,
				C993EB702AFA2102003B2804 /* MovieListTests.xctest */,
				C993EB7A2AFA2102003B2804 /* MovieListUITests.xctest */,
			);
			name = Products;
			sourceTree = "<group>";
		};
		C993EB5C2AFA20FD003B2804 /* MovieList */ = {
			isa = PBXGroup;
			children = (
				C993EBAA2AFA3E83003B2804 /* Fonts */,
				C993EB9A2AFA21D5003B2804 /* Network */,
				C993EB922AFA2196003B2804 /* Helpers */,
				C993EB8D2AFA2131003B2804 /* MVVM */,
				C993EB5D2AFA20FD003B2804 /* AppDelegate.swift */,
				C993EB5F2AFA20FD003B2804 /* SceneDelegate.swift */,
				C993EB612AFA20FD003B2804 /* ViewController.swift */,
				C993EB632AFA20FD003B2804 /* Main.storyboard */,
				C993EB662AFA2101003B2804 /* Assets.xcassets */,
				C993EB682AFA2101003B2804 /* LaunchScreen.storyboard */,
				C993EB6B2AFA2101003B2804 /* Info.plist */,
			);
			path = MovieList;
			sourceTree = "<group>";
		};
		C993EB732AFA2102003B2804 /* MovieListTests */ = {
			isa = PBXGroup;
			children = (
				C993EB742AFA2102003B2804 /* MovieListTests.swift */,
			);
			path = MovieListTests;
			sourceTree = "<group>";
		};
		C993EB7D2AFA2102003B2804 /* MovieListUITests */ = {
			isa = PBXGroup;
			children = (
				C993EB7E2AFA2102003B2804 /* MovieListUITests.swift */,
				C993EB802AFA2102003B2804 /* MovieListUITestsLaunchTests.swift */,
			);
			path = MovieListUITests;
			sourceTree = "<group>";
		};
		C993EB8D2AFA2131003B2804 /* MVVM */ = {
			isa = PBXGroup;
			children = (
				C993EB912AFA2165003B2804 /* Controllers */,
				C993EB902AFA2156003B2804 /* ViewModel */,
				C993EB8F2AFA214F003B2804 /* View */,
				C993EB8E2AFA2142003B2804 /* Model */,
			);
			path = MVVM;
			sourceTree = "<group>";
		};
		C993EB8E2AFA2142003B2804 /* Model */ = {
			isa = PBXGroup;
			children = (
				C993EBC82AFA5B2E003B2804 /* File.swift */,
			);
			path = Model;
			sourceTree = "<group>";
		};
		C993EB8F2AFA214F003B2804 /* View */ = {
			isa = PBXGroup;
			children = (
				C993EBC02AFA4C73003B2804 /* HeaderView.swift */,
				C993EBC22AFA4C92003B2804 /* HeaderViewCell.swift */,
				C993EBC42AFA4C9E003B2804 /* CollectionViewCell.swift */,
			);
			path = View;
			sourceTree = "<group>";
		};
		C993EB902AFA2156003B2804 /* ViewModel */ = {
			isa = PBXGroup;
			children = (
				C993EB9F2AFA2AD9003B2804 /* ViewModel.swift */,
			);
			path = ViewModel;
			sourceTree = "<group>";
		};
		C993EB912AFA2165003B2804 /* Controllers */ = {
			isa = PBXGroup;
			children = (
				C993EBC62AFA5807003B2804 /* DetailsViewController.swift */,
			);
			path = Controllers;
			sourceTree = "<group>";
		};
		C993EB922AFA2196003B2804 /* Helpers */ = {
			isa = PBXGroup;
			children = (
				C993EB932AFA219E003B2804 /* Extensions */,
				C993EB942AFA21AB003B2804 /* Constants.swift */,
				C993EB962AFA21BF003B2804 /* Utility.swift */,
				C993EB982AFA21CD003B2804 /* Observable.swift */,
			);
			path = Helpers;
			sourceTree = "<group>";
		};
		C993EB932AFA219E003B2804 /* Extensions */ = {
			isa = PBXGroup;
			children = (
				C993EB9D2AFA2947003B2804 /* ViewExtensions.swift */,
			);
			path = Extensions;
			sourceTree = "<group>";
		};
		C993EB9A2AFA21D5003B2804 /* Network */ = {
			isa = PBXGroup;
			children = (
				C993EB9B2AFA21E0003B2804 /* Service.swift */,
			);
			path = Network;
			sourceTree = "<group>";
		};
		C993EBAA2AFA3E83003B2804 /* Fonts */ = {
			isa = PBXGroup;
			children = (
				C993EBBC2AFA48AE003B2804 /* Mulish-Bold.ttf */,
				C993EBBA2AFA48AE003B2804 /* Mulish-Medium.ttf */,
				C993EBBB2AFA48AE003B2804 /* Mulish-Regular.ttf */,
				C993EBAB2AFA3E94003B2804 /* Merriweather-BlackItalic.ttf */,
				C993EBB02AFA3E95003B2804 /* Merriweather-Bold.ttf */,
				C993EBAF2AFA3E95003B2804 /* Merriweather-BoldItalic.ttf */,
				C993EBAE2AFA3E95003B2804 /* Merriweather-Italic.ttf */,
				C993EBAC2AFA3E95003B2804 /* Merriweather-Light.ttf */,
				C993EBB12AFA3E95003B2804 /* Merriweather-LightItalic.ttf */,
				C993EBAD2AFA3E95003B2804 /* Merriweather-Regular.ttf */,
				C993EBA42AFA3E58003B2804 /* Merriweather-Black.ttf */,
			);
			path = Fonts;
			sourceTree = "<group>";
		};
/* End PBXGroup section */

/* Begin PBXNativeTarget section */
		C993EB592AFA20FD003B2804 /* MovieList */ = {
			isa = PBXNativeTarget;
			buildConfigurationList = C993EB842AFA2102003B2804 /* Build configuration list for PBXNativeTarget "MovieList" */;
			buildPhases = (
				491254C4BB68D4A436D40B5D /* [CP] Check Pods Manifest.lock */,
				C993EB562AFA20FD003B2804 /* Sources */,
				C993EB572AFA20FD003B2804 /* Frameworks */,
				C993EB582AFA20FD003B2804 /* Resources */,
				C714EFD692A2F362C3F8FEB2 /* [CP] Embed Pods Frameworks */,
			);
			buildRules = (
			);
			dependencies = (
			);
			name = MovieList;
			productName = MovieList;
			productReference = C993EB5A2AFA20FD003B2804 /* MovieList.app */;
			productType = "com.apple.product-type.application";
		};
		C993EB6F2AFA2102003B2804 /* MovieListTests */ = {
			isa = PBXNativeTarget;
			buildConfigurationList = C993EB872AFA2102003B2804 /* Build configuration list for PBXNativeTarget "MovieListTests" */;
			buildPhases = (
				E167CDC21756599FECC76F43 /* [CP] Check Pods Manifest.lock */,
				C993EB6C2AFA2102003B2804 /* Sources */,
				C993EB6D2AFA2102003B2804 /* Frameworks */,
				C993EB6E2AFA2102003B2804 /* Resources */,
			);
			buildRules = (
			);
			dependencies = (
				C993EB722AFA2102003B2804 /* PBXTargetDependency */,
			);
			name = MovieListTests;
			productName = MovieListTests;
			productReference = C993EB702AFA2102003B2804 /* MovieListTests.xctest */;
			productType = "com.apple.product-type.bundle.unit-test";
		};
		C993EB792AFA2102003B2804 /* MovieListUITests */ = {
			isa = PBXNativeTarget;
			buildConfigurationList = C993EB8A2AFA2102003B2804 /* Build configuration list for PBXNativeTarget "MovieListUITests" */;
			buildPhases = (
				02BEB9287AACD66944F250BA /* [CP] Check Pods Manifest.lock */,
				C993EB762AFA2102003B2804 /* Sources */,
				C993EB772AFA2102003B2804 /* Frameworks */,
				C993EB782AFA2102003B2804 /* Resources */,
				38834F8AF595770009236AC2 /* [CP] Embed Pods Frameworks */,
			);
			buildRules = (
			);
			dependencies = (
				C993EB7C2AFA2102003B2804 /* PBXTargetDependency */,
			);
			name = MovieListUITests;
			productName = MovieListUITests;
			productReference = C993EB7A2AFA2102003B2804 /* MovieListUITests.xctest */;
			productType = "com.apple.product-type.bundle.ui-testing";
		};
/* End PBXNativeTarget section */

/* Begin PBXProject section */
		C993EB522AFA20FD003B2804 /* Project object */ = {
			isa = PBXProject;
			attributes = {
				BuildIndependentTargetsInParallel = 1;
				LastSwiftUpdateCheck = 1410;
				LastUpgradeCheck = 1410;
				TargetAttributes = {
					C993EB592AFA20FD003B2804 = {
						CreatedOnToolsVersion = 14.1;
					};
					C993EB6F2AFA2102003B2804 = {
						CreatedOnToolsVersion = 14.1;
						TestTargetID = C993EB592AFA20FD003B2804;
					};
					C993EB792AFA2102003B2804 = {
						CreatedOnToolsVersion = 14.1;
						TestTargetID = C993EB592AFA20FD003B2804;
					};
				};
			};
			buildConfigurationList = C993EB552AFA20FD003B2804 /* Build configuration list for PBXProject "MovieList" */;
			compatibilityVersion = "Xcode 14.0";
			developmentRegion = en;
			hasScannedForEncodings = 0;
			knownRegions = (
				en,
				Base,
			);
			mainGroup = C993EB512AFA20FD003B2804;
			productRefGroup = C993EB5B2AFA20FD003B2804 /* Products */;
			projectDirPath = "";
			projectRoot = "";
			targets = (
				C993EB592AFA20FD003B2804 /* MovieList */,
				C993EB6F2AFA2102003B2804 /* MovieListTests */,
				C993EB792AFA2102003B2804 /* MovieListUITests */,
			);
		};
/* End PBXProject section */

/* Begin PBXResourcesBuildPhase section */
		C993EB582AFA20FD003B2804 /* Resources */ = {
			isa = PBXResourcesBuildPhase;
			buildActionMask = 2147483647;
			files = (
				C993EBB92AFA3E9C003B2804 /* Merriweather-Black.ttf in Resources */,
				C993EBBF2AFA48AE003B2804 /* Mulish-Bold.ttf in Resources */,
				C993EBBD2AFA48AE003B2804 /* Mulish-Medium.ttf in Resources */,
				C993EBB82AFA3E95003B2804 /* Merriweather-LightItalic.ttf in Resources */,
				C993EB6A2AFA2101003B2804 /* LaunchScreen.storyboard in Resources */,
				C993EB672AFA2101003B2804 /* Assets.xcassets in Resources */,
				C993EBB62AFA3E95003B2804 /* Merriweather-BoldItalic.ttf in Resources */,
				C993EB652AFA20FD003B2804 /* Main.storyboard in Resources */,
				C993EBB22AFA3E95003B2804 /* Merriweather-BlackItalic.ttf in Resources */,
				C993EBB52AFA3E95003B2804 /* Merriweather-Italic.ttf in Resources */,
				C993EBB72AFA3E95003B2804 /* Merriweather-Bold.ttf in Resources */,
				C993EBB42AFA3E95003B2804 /* Merriweather-Regular.ttf in Resources */,
				C993EBB32AFA3E95003B2804 /* Merriweather-Light.ttf in Resources */,
				C993EBBE2AFA48AE003B2804 /* Mulish-Regular.ttf in Resources */,
			);
			runOnlyForDeploymentPostprocessing = 0;
		};
		C993EB6E2AFA2102003B2804 /* Resources */ = {
			isa = PBXResourcesBuildPhase;
			buildActionMask = 2147483647;
			files = (
			);
			runOnlyForDeploymentPostprocessing = 0;
		};
		C993EB782AFA2102003B2804 /* Resources */ = {
			isa = PBXResourcesBuildPhase;
			buildActionMask = 2147483647;
			files = (
			);
			runOnlyForDeploymentPostprocessing = 0;
		};
/* End PBXResourcesBuildPhase section */

/* Begin PBXShellScriptBuildPhase section */
		02BEB9287AACD66944F250BA /* [CP] Check Pods Manifest.lock */ = {
			isa = PBXShellScriptBuildPhase;
			buildActionMask = 2147483647;
			files = (
			);
			inputFileListPaths = (
			);
			inputPaths = (
				"${PODS_PODFILE_DIR_PATH}/Podfile.lock",
				"${PODS_ROOT}/Manifest.lock",
			);
			name = "[CP] Check Pods Manifest.lock";
			outputFileListPaths = (
			);
			outputPaths = (
				"$(DERIVED_FILE_DIR)/Pods-MovieList-MovieListUITests-checkManifestLockResult.txt",
			);
			runOnlyForDeploymentPostprocessing = 0;
			shellPath = /bin/sh;
			shellScript = "diff \"${PODS_PODFILE_DIR_PATH}/Podfile.lock\" \"${PODS_ROOT}/Manifest.lock\" > /dev/null\nif [ $? != 0 ] ; then\n    # print error to STDERR\n    echo \"error: The sandbox is not in sync with the Podfile.lock. Run 'pod install' or update your CocoaPods installation.\" >&2\n    exit 1\nfi\n# This output is used by Xcode 'outputs' to avoid re-running this script phase.\necho \"SUCCESS\" > \"${SCRIPT_OUTPUT_FILE_0}\"\n";
			showEnvVarsInLog = 0;
		};
		38834F8AF595770009236AC2 /* [CP] Embed Pods Frameworks */ = {
			isa = PBXShellScriptBuildPhase;
			buildActionMask = 2147483647;
			files = (
			);
			inputFileListPaths = (
				"${PODS_ROOT}/Target Support Files/Pods-MovieList-MovieListUITests/Pods-MovieList-MovieListUITests-frameworks-${CONFIGURATION}-input-files.xcfilelist",
			);
			name = "[CP] Embed Pods Frameworks";
			outputFileListPaths = (
				"${PODS_ROOT}/Target Support Files/Pods-MovieList-MovieListUITests/Pods-MovieList-MovieListUITests-frameworks-${CONFIGURATION}-output-files.xcfilelist",
			);
			runOnlyForDeploymentPostprocessing = 0;
			shellPath = /bin/sh;
			shellScript = "\"${PODS_ROOT}/Target Support Files/Pods-MovieList-MovieListUITests/Pods-MovieList-MovieListUITests-frameworks.sh\"\n";
			showEnvVarsInLog = 0;
		};
		491254C4BB68D4A436D40B5D /* [CP] Check Pods Manifest.lock */ = {
			isa = PBXShellScriptBuildPhase;
			buildActionMask = 2147483647;
			files = (
			);
			inputFileListPaths = (
			);
			inputPaths = (
				"${PODS_PODFILE_DIR_PATH}/Podfile.lock",
				"${PODS_ROOT}/Manifest.lock",
			);
			name = "[CP] Check Pods Manifest.lock";
			outputFileListPaths = (
			);
			outputPaths = (
				"$(DERIVED_FILE_DIR)/Pods-MovieList-checkManifestLockResult.txt",
			);
			runOnlyForDeploymentPostprocessing = 0;
			shellPath = /bin/sh;
			shellScript = "diff \"${PODS_PODFILE_DIR_PATH}/Podfile.lock\" \"${PODS_ROOT}/Manifest.lock\" > /dev/null\nif [ $? != 0 ] ; then\n    # print error to STDERR\n    echo \"error: The sandbox is not in sync with the Podfile.lock. Run 'pod install' or update your CocoaPods installation.\" >&2\n    exit 1\nfi\n# This output is used by Xcode 'outputs' to avoid re-running this script phase.\necho \"SUCCESS\" > \"${SCRIPT_OUTPUT_FILE_0}\"\n";
			showEnvVarsInLog = 0;
		};
		C714EFD692A2F362C3F8FEB2 /* [CP] Embed Pods Frameworks */ = {
			isa = PBXShellScriptBuildPhase;
			buildActionMask = 2147483647;
			files = (
			);
			inputFileListPaths = (
				"${PODS_ROOT}/Target Support Files/Pods-MovieList/Pods-MovieList-frameworks-${CONFIGURATION}-input-files.xcfilelist",
			);
			name = "[CP] Embed Pods Frameworks";
			outputFileListPaths = (
				"${PODS_ROOT}/Target Support Files/Pods-MovieList/Pods-MovieList-frameworks-${CONFIGURATION}-output-files.xcfilelist",
			);
			runOnlyForDeploymentPostprocessing = 0;
			shellPath = /bin/sh;
			shellScript = "\"${PODS_ROOT}/Target Support Files/Pods-MovieList/Pods-MovieList-frameworks.sh\"\n";
			showEnvVarsInLog = 0;
		};
		E167CDC21756599FECC76F43 /* [CP] Check Pods Manifest.lock */ = {
			isa = PBXShellScriptBuildPhase;
			buildActionMask = 2147483647;
			files = (
			);
			inputFileListPaths = (
			);
			inputPaths = (
				"${PODS_PODFILE_DIR_PATH}/Podfile.lock",
				"${PODS_ROOT}/Manifest.lock",
			);
			name = "[CP] Check Pods Manifest.lock";
			outputFileListPaths = (
			);
			outputPaths = (
				"$(DERIVED_FILE_DIR)/Pods-MovieListTests-checkManifestLockResult.txt",
			);
			runOnlyForDeploymentPostprocessing = 0;
			shellPath = /bin/sh;
			shellScript = "diff \"${PODS_PODFILE_DIR_PATH}/Podfile.lock\" \"${PODS_ROOT}/Manifest.lock\" > /dev/null\nif [ $? != 0 ] ; then\n    # print error to STDERR\n    echo \"error: The sandbox is not in sync with the Podfile.lock. Run 'pod install' or update your CocoaPods installation.\" >&2\n    exit 1\nfi\n# This output is used by Xcode 'outputs' to avoid re-running this script phase.\necho \"SUCCESS\" > \"${SCRIPT_OUTPUT_FILE_0}\"\n";
			showEnvVarsInLog = 0;
		};
/* End PBXShellScriptBuildPhase section */

/* Begin PBXSourcesBuildPhase section */
		C993EB562AFA20FD003B2804 /* Sources */ = {
			isa = PBXSourcesBuildPhase;
			buildActionMask = 2147483647;
			files = (
				C993EB972AFA21BF003B2804 /* Utility.swift in Sources */,
				C993EBA02AFA2AD9003B2804 /* ViewModel.swift in Sources */,
				C993EBC52AFA4C9E003B2804 /* CollectionViewCell.swift in Sources */,
				C993EBC32AFA4C92003B2804 /* HeaderViewCell.swift in Sources */,
				C993EB9C2AFA21E0003B2804 /* Service.swift in Sources */,
				C993EB9E2AFA2947003B2804 /* ViewExtensions.swift in Sources */,
				C993EB622AFA20FD003B2804 /* ViewController.swift in Sources */,
				C993EBC12AFA4C73003B2804 /* HeaderView.swift in Sources */,
				C993EB5E2AFA20FD003B2804 /* AppDelegate.swift in Sources */,
				C993EBC92AFA5B2E003B2804 /* File.swift in Sources */,
				C993EB602AFA20FD003B2804 /* SceneDelegate.swift in Sources */,
				C993EB992AFA21CD003B2804 /* Observable.swift in Sources */,
				C993EBC72AFA5807003B2804 /* DetailsViewController.swift in Sources */,
				C993EB952AFA21AB003B2804 /* Constants.swift in Sources */,
			);
			runOnlyForDeploymentPostprocessing = 0;
		};
		C993EB6C2AFA2102003B2804 /* Sources */ = {
			isa = PBXSourcesBuildPhase;
			buildActionMask = 2147483647;
			files = (
				C993EB752AFA2102003B2804 /* MovieListTests.swift in Sources */,
			);
			runOnlyForDeploymentPostprocessing = 0;
		};
		C993EB762AFA2102003B2804 /* Sources */ = {
			isa = PBXSourcesBuildPhase;
			buildActionMask = 2147483647;
			files = (
				C993EB7F2AFA2102003B2804 /* MovieListUITests.swift in Sources */,
				C993EB812AFA2102003B2804 /* MovieListUITestsLaunchTests.swift in Sources */,
			);
			runOnlyForDeploymentPostprocessing = 0;
		};
/* End PBXSourcesBuildPhase section */

/* Begin PBXTargetDependency section */
		C993EB722AFA2102003B2804 /* PBXTargetDependency */ = {
			isa = PBXTargetDependency;
			target = C993EB592AFA20FD003B2804 /* MovieList */;
			targetProxy = C993EB712AFA2102003B2804 /* PBXContainerItemProxy */;
		};
		C993EB7C2AFA2102003B2804 /* PBXTargetDependency */ = {
			isa = PBXTargetDependency;
			target = C993EB592AFA20FD003B2804 /* MovieList */;
			targetProxy = C993EB7B2AFA2102003B2804 /* PBXContainerItemProxy */;
		};
/* End PBXTargetDependency section */

/* Begin PBXVariantGroup section */
		C993EB632AFA20FD003B2804 /* Main.storyboard */ = {
			isa = PBXVariantGroup;
			children = (
				C993EB642AFA20FD003B2804 /* Base */,
			);
			name = Main.storyboard;
			sourceTree = "<group>";
		};
		C993EB682AFA2101003B2804 /* LaunchScreen.storyboard */ = {
			isa = PBXVariantGroup;
			children = (
				C993EB692AFA2101003B2804 /* Base */,
			);
			name = LaunchScreen.storyboard;
			sourceTree = "<group>";
		};
/* End PBXVariantGroup section */

/* Begin XCBuildConfiguration section */
		C993EB822AFA2102003B2804 /* Debug */ = {
			isa = XCBuildConfiguration;
			buildSettings = {
				ALWAYS_SEARCH_USER_PATHS = NO;
				CLANG_ANALYZER_NONNULL = YES;
				CLANG_ANALYZER_NUMBER_OBJECT_CONVERSION = YES_AGGRESSIVE;
				CLANG_CXX_LANGUAGE_STANDARD = "gnu++20";
				CLANG_ENABLE_MODULES = YES;
				CLANG_ENABLE_OBJC_ARC = YES;
				CLANG_ENABLE_OBJC_WEAK = YES;
				CLANG_WARN_BLOCK_CAPTURE_AUTORELEASING = YES;
				CLANG_WARN_BOOL_CONVERSION = YES;
				CLANG_WARN_COMMA = YES;
				CLANG_WARN_CONSTANT_CONVERSION = YES;
				CLANG_WARN_DEPRECATED_OBJC_IMPLEMENTATIONS = YES;
				CLANG_WARN_DIRECT_OBJC_ISA_USAGE = YES_ERROR;
				CLANG_WARN_DOCUMENTATION_COMMENTS = YES;
				CLANG_WARN_EMPTY_BODY = YES;
				CLANG_WARN_ENUM_CONVERSION = YES;
				CLANG_WARN_INFINITE_RECURSION = YES;
				CLANG_WARN_INT_CONVERSION = YES;
				CLANG_WARN_NON_LITERAL_NULL_CONVERSION = YES;
				CLANG_WARN_OBJC_IMPLICIT_RETAIN_SELF = YES;
				CLANG_WARN_OBJC_LITERAL_CONVERSION = YES;
				CLANG_WARN_OBJC_ROOT_CLASS = YES_ERROR;
				CLANG_WARN_QUOTED_INCLUDE_IN_FRAMEWORK_HEADER = YES;
				CLANG_WARN_RANGE_LOOP_ANALYSIS = YES;
				CLANG_WARN_STRICT_PROTOTYPES = YES;
				CLANG_WARN_SUSPICIOUS_MOVE = YES;
				CLANG_WARN_UNGUARDED_AVAILABILITY = YES_AGGRESSIVE;
				CLANG_WARN_UNREACHABLE_CODE = YES;
				CLANG_WARN__DUPLICATE_METHOD_MATCH = YES;
				COPY_PHASE_STRIP = NO;
				DEBUG_INFORMATION_FORMAT = dwarf;
				ENABLE_STRICT_OBJC_MSGSEND = YES;
				ENABLE_TESTABILITY = YES;
				GCC_C_LANGUAGE_STANDARD = gnu11;
				GCC_DYNAMIC_NO_PIC = NO;
				GCC_NO_COMMON_BLOCKS = YES;
				GCC_OPTIMIZATION_LEVEL = 0;
				GCC_PREPROCESSOR_DEFINITIONS = (
					"DEBUG=1",
					"$(inherited)",
				);
				GCC_WARN_64_TO_32_BIT_CONVERSION = YES;
				GCC_WARN_ABOUT_RETURN_TYPE = YES_ERROR;
				GCC_WARN_UNDECLARED_SELECTOR = YES;
				GCC_WARN_UNINITIALIZED_AUTOS = YES_AGGRESSIVE;
				GCC_WARN_UNUSED_FUNCTION = YES;
				GCC_WARN_UNUSED_VARIABLE = YES;
				IPHONEOS_DEPLOYMENT_TARGET = 16.1;
				MTL_ENABLE_DEBUG_INFO = INCLUDE_SOURCE;
				MTL_FAST_MATH = YES;
				ONLY_ACTIVE_ARCH = YES;
				SDKROOT = iphoneos;
				SWIFT_ACTIVE_COMPILATION_CONDITIONS = DEBUG;
				SWIFT_OPTIMIZATION_LEVEL = "-Onone";
			};
			name = Debug;
		};
		C993EB832AFA2102003B2804 /* Release */ = {
			isa = XCBuildConfiguration;
			buildSettings = {
				ALWAYS_SEARCH_USER_PATHS = NO;
				CLANG_ANALYZER_NONNULL = YES;
				CLANG_ANALYZER_NUMBER_OBJECT_CONVERSION = YES_AGGRESSIVE;
				CLANG_CXX_LANGUAGE_STANDARD = "gnu++20";
				CLANG_ENABLE_MODULES = YES;
				CLANG_ENABLE_OBJC_ARC = YES;
				CLANG_ENABLE_OBJC_WEAK = YES;
				CLANG_WARN_BLOCK_CAPTURE_AUTORELEASING = YES;
				CLANG_WARN_BOOL_CONVERSION = YES;
				CLANG_WARN_COMMA = YES;
				CLANG_WARN_CONSTANT_CONVERSION = YES;
				CLANG_WARN_DEPRECATED_OBJC_IMPLEMENTATIONS = YES;
				CLANG_WARN_DIRECT_OBJC_ISA_USAGE = YES_ERROR;
				CLANG_WARN_DOCUMENTATION_COMMENTS = YES;
				CLANG_WARN_EMPTY_BODY = YES;
				CLANG_WARN_ENUM_CONVERSION = YES;
				CLANG_WARN_INFINITE_RECURSION = YES;
				CLANG_WARN_INT_CONVERSION = YES;
				CLANG_WARN_NON_LITERAL_NULL_CONVERSION = YES;
				CLANG_WARN_OBJC_IMPLICIT_RETAIN_SELF = YES;
				CLANG_WARN_OBJC_LITERAL_CONVERSION = YES;
				CLANG_WARN_OBJC_ROOT_CLASS = YES_ERROR;
				CLANG_WARN_QUOTED_INCLUDE_IN_FRAMEWORK_HEADER = YES;
				CLANG_WARN_RANGE_LOOP_ANALYSIS = YES;
				CLANG_WARN_STRICT_PROTOTYPES = YES;
				CLANG_WARN_SUSPICIOUS_MOVE = YES;
				CLANG_WARN_UNGUARDED_AVAILABILITY = YES_AGGRESSIVE;
				CLANG_WARN_UNREACHABLE_CODE = YES;
				CLANG_WARN__DUPLICATE_METHOD_MATCH = YES;
				COPY_PHASE_STRIP = NO;
				DEBUG_INFORMATION_FORMAT = "dwarf-with-dsym";
				ENABLE_NS_ASSERTIONS = NO;
				ENABLE_STRICT_OBJC_MSGSEND = YES;
				GCC_C_LANGUAGE_STANDARD = gnu11;
				GCC_NO_COMMON_BLOCKS = YES;
				GCC_WARN_64_TO_32_BIT_CONVERSION = YES;
				GCC_WARN_ABOUT_RETURN_TYPE = YES_ERROR;
				GCC_WARN_UNDECLARED_SELECTOR = YES;
				GCC_WARN_UNINITIALIZED_AUTOS = YES_AGGRESSIVE;
				GCC_WARN_UNUSED_FUNCTION = YES;
				GCC_WARN_UNUSED_VARIABLE = YES;
				IPHONEOS_DEPLOYMENT_TARGET = 16.1;
				MTL_ENABLE_DEBUG_INFO = NO;
				MTL_FAST_MATH = YES;
				SDKROOT = iphoneos;
				SWIFT_COMPILATION_MODE = wholemodule;
				SWIFT_OPTIMIZATION_LEVEL = "-O";
				VALIDATE_PRODUCT = YES;
			};
			name = Release;
		};
		C993EB852AFA2102003B2804 /* Debug */ = {
			isa = XCBuildConfiguration;
			baseConfigurationReference = 206D6A3CE32EC398B4347985 /* Pods-MovieList.debug.xcconfig */;
			buildSettings = {
				ASSETCATALOG_COMPILER_APPICON_NAME = AppIcon;
				ASSETCATALOG_COMPILER_GLOBAL_ACCENT_COLOR_NAME = AccentColor;
				CODE_SIGN_STYLE = Automatic;
				CURRENT_PROJECT_VERSION = 1;
				DEVELOPMENT_TEAM = U72NXN36H6;
				GENERATE_INFOPLIST_FILE = YES;
				INFOPLIST_FILE = MovieList/Info.plist;
				INFOPLIST_KEY_UIApplicationSupportsIndirectInputEvents = YES;
				INFOPLIST_KEY_UILaunchStoryboardName = LaunchScreen;
				INFOPLIST_KEY_UIMainStoryboardFile = Main;
				INFOPLIST_KEY_UISupportedInterfaceOrientations_iPad = "UIInterfaceOrientationPortrait UIInterfaceOrientationPortraitUpsideDown UIInterfaceOrientationLandscapeLeft UIInterfaceOrientationLandscapeRight";
				INFOPLIST_KEY_UISupportedInterfaceOrientations_iPhone = "UIInterfaceOrientationPortrait UIInterfaceOrientationLandscapeLeft UIInterfaceOrientationLandscapeRight";
				LD_RUNPATH_SEARCH_PATHS = (
					"$(inherited)",
					"@executable_path/Frameworks",
				);
				MARKETING_VERSION = 1.0;
				PRODUCT_BUNDLE_IDENTIFIER = come.example.pressone.MovieList;
				PRODUCT_NAME = "$(TARGET_NAME)";
				SWIFT_EMIT_LOC_STRINGS = YES;
				SWIFT_VERSION = 5.0;
				TARGETED_DEVICE_FAMILY = "1,2";
			};
			name = Debug;
		};
		C993EB862AFA2102003B2804 /* Release */ = {
			isa = XCBuildConfiguration;
			baseConfigurationReference = 5BD43F303B25185055D255C6 /* Pods-MovieList.release.xcconfig */;
			buildSettings = {
				ASSETCATALOG_COMPILER_APPICON_NAME = AppIcon;
				ASSETCATALOG_COMPILER_GLOBAL_ACCENT_COLOR_NAME = AccentColor;
				CODE_SIGN_STYLE = Automatic;
				CURRENT_PROJECT_VERSION = 1;
				DEVELOPMENT_TEAM = U72NXN36H6;
				GENERATE_INFOPLIST_FILE = YES;
				INFOPLIST_FILE = MovieList/Info.plist;
				INFOPLIST_KEY_UIApplicationSupportsIndirectInputEvents = YES;
				INFOPLIST_KEY_UILaunchStoryboardName = LaunchScreen;
				INFOPLIST_KEY_UIMainStoryboardFile = Main;
				INFOPLIST_KEY_UISupportedInterfaceOrientations_iPad = "UIInterfaceOrientationPortrait UIInterfaceOrientationPortraitUpsideDown UIInterfaceOrientationLandscapeLeft UIInterfaceOrientationLandscapeRight";
				INFOPLIST_KEY_UISupportedInterfaceOrientations_iPhone = "UIInterfaceOrientationPortrait UIInterfaceOrientationLandscapeLeft UIInterfaceOrientationLandscapeRight";
				LD_RUNPATH_SEARCH_PATHS = (
					"$(inherited)",
					"@executable_path/Frameworks",
				);
				MARKETING_VERSION = 1.0;
				PRODUCT_BUNDLE_IDENTIFIER = come.example.pressone.MovieList;
				PRODUCT_NAME = "$(TARGET_NAME)";
				SWIFT_EMIT_LOC_STRINGS = YES;
				SWIFT_VERSION = 5.0;
				TARGETED_DEVICE_FAMILY = "1,2";
			};
			name = Release;
		};
		C993EB882AFA2102003B2804 /* Debug */ = {
			isa = XCBuildConfiguration;
			baseConfigurationReference = D4C6A03AD16B5B5AB574E847 /* Pods-MovieListTests.debug.xcconfig */;
			buildSettings = {
				ALWAYS_EMBED_SWIFT_STANDARD_LIBRARIES = YES;
				BUNDLE_LOADER = "$(TEST_HOST)";
				CODE_SIGN_STYLE = Automatic;
				CURRENT_PROJECT_VERSION = 1;
				DEVELOPMENT_TEAM = U72NXN36H6;
				GENERATE_INFOPLIST_FILE = YES;
				IPHONEOS_DEPLOYMENT_TARGET = 16.1;
				MARKETING_VERSION = 1.0;
				PRODUCT_BUNDLE_IDENTIFIER = come.example.pressone.MovieListTests;
				PRODUCT_NAME = "$(TARGET_NAME)";
				SWIFT_EMIT_LOC_STRINGS = NO;
				SWIFT_VERSION = 5.0;
				TARGETED_DEVICE_FAMILY = "1,2";
				TEST_HOST = "$(BUILT_PRODUCTS_DIR)/MovieList.app/$(BUNDLE_EXECUTABLE_FOLDER_PATH)/MovieList";
			};
			name = Debug;
		};
		C993EB892AFA2102003B2804 /* Release */ = {
			isa = XCBuildConfiguration;
			baseConfigurationReference = E5E5A81097A840531A2B9FEE /* Pods-MovieListTests.release.xcconfig */;
			buildSettings = {
				ALWAYS_EMBED_SWIFT_STANDARD_LIBRARIES = YES;
				BUNDLE_LOADER = "$(TEST_HOST)";
				CODE_SIGN_STYLE = Automatic;
				CURRENT_PROJECT_VERSION = 1;
				DEVELOPMENT_TEAM = U72NXN36H6;
				GENERATE_INFOPLIST_FILE = YES;
				IPHONEOS_DEPLOYMENT_TARGET = 16.1;
				MARKETING_VERSION = 1.0;
				PRODUCT_BUNDLE_IDENTIFIER = come.example.pressone.MovieListTests;
				PRODUCT_NAME = "$(TARGET_NAME)";
				SWIFT_EMIT_LOC_STRINGS = NO;
				SWIFT_VERSION = 5.0;
				TARGETED_DEVICE_FAMILY = "1,2";
				TEST_HOST = "$(BUILT_PRODUCTS_DIR)/MovieList.app/$(BUNDLE_EXECUTABLE_FOLDER_PATH)/MovieList";
			};
			name = Release;
		};
		C993EB8B2AFA2102003B2804 /* Debug */ = {
			isa = XCBuildConfiguration;
			baseConfigurationReference = E9B657CE7406CF83E26FCD74 /* Pods-MovieList-MovieListUITests.debug.xcconfig */;
			buildSettings = {
				ALWAYS_EMBED_SWIFT_STANDARD_LIBRARIES = YES;
				CODE_SIGN_STYLE = Automatic;
				CURRENT_PROJECT_VERSION = 1;
				DEVELOPMENT_TEAM = U72NXN36H6;
				GENERATE_INFOPLIST_FILE = YES;
				MARKETING_VERSION = 1.0;
				PRODUCT_BUNDLE_IDENTIFIER = come.example.pressone.MovieListUITests;
				PRODUCT_NAME = "$(TARGET_NAME)";
				SWIFT_EMIT_LOC_STRINGS = NO;
				SWIFT_VERSION = 5.0;
				TARGETED_DEVICE_FAMILY = "1,2";
				TEST_TARGET_NAME = MovieList;
			};
			name = Debug;
		};
		C993EB8C2AFA2102003B2804 /* Release */ = {
			isa = XCBuildConfiguration;
			baseConfigurationReference = C1A7A26E5BE4C5BCEE81674E /* Pods-MovieList-MovieListUITests.release.xcconfig */;
			buildSettings = {
				ALWAYS_EMBED_SWIFT_STANDARD_LIBRARIES = YES;
				CODE_SIGN_STYLE = Automatic;
				CURRENT_PROJECT_VERSION = 1;
				DEVELOPMENT_TEAM = U72NXN36H6;
				GENERATE_INFOPLIST_FILE = YES;
				MARKETING_VERSION = 1.0;
				PRODUCT_BUNDLE_IDENTIFIER = come.example.pressone.MovieListUITests;
				PRODUCT_NAME = "$(TARGET_NAME)";
				SWIFT_EMIT_LOC_STRINGS = NO;
				SWIFT_VERSION = 5.0;
				TARGETED_DEVICE_FAMILY = "1,2";
				TEST_TARGET_NAME = MovieList;
			};
			name = Release;
		};
/* End XCBuildConfiguration section */

/* Begin XCConfigurationList section */
		C993EB552AFA20FD003B2804 /* Build configuration list for PBXProject "MovieList" */ = {
			isa = XCConfigurationList;
			buildConfigurations = (
				C993EB822AFA2102003B2804 /* Debug */,
				C993EB832AFA2102003B2804 /* Release */,
			);
			defaultConfigurationIsVisible = 0;
			defaultConfigurationName = Release;
		};
		C993EB842AFA2102003B2804 /* Build configuration list for PBXNativeTarget "MovieList" */ = {
			isa = XCConfigurationList;
			buildConfigurations = (
				C993EB852AFA2102003B2804 /* Debug */,
				C993EB862AFA2102003B2804 /* Release */,
			);
			defaultConfigurationIsVisible = 0;
			defaultConfigurationName = Release;
		};
		C993EB872AFA2102003B2804 /* Build configuration list for PBXNativeTarget "MovieListTests" */ = {
			isa = XCConfigurationList;
			buildConfigurations = (
				C993EB882AFA2102003B2804 /* Debug */,
				C993EB892AFA2102003B2804 /* Release */,
			);
			defaultConfigurationIsVisible = 0;
			defaultConfigurationName = Release;
		};
		C993EB8A2AFA2102003B2804 /* Build configuration list for PBXNativeTarget "MovieListUITests" */ = {
			isa = XCConfigurationList;
			buildConfigurations = (
				C993EB8B2AFA2102003B2804 /* Debug */,
				C993EB8C2AFA2102003B2804 /* Release */,
			);
			defaultConfigurationIsVisible = 0;
			defaultConfigurationName = Release;
		};
/* End XCConfigurationList section */
	};
	rootObject = C993EB522AFA20FD003B2804 /* Project object */;
}
